
Microsoft Visual Studio Solution File, Format Version 12.00
# Visual Studio Version 17
VisualStudioVersion = 17.4.33205.214
MinimumVisualStudioVersion = 10.0.40219.1
Project("{FAE04EC0-301F-11D3-BF4B-00C04F79EFBC}") = "ScreepsDotNet", "ScreepsDotNet\ScreepsDotNet.csproj", "{4BB8BC42-7F20-4F8A-9A3F-327B75348856}"
EndProject
Project("{FAE04EC0-301F-11D3-BF4B-00C04F79EFBC}") = "ScreepsDotNet.API", "ScreepsDotNet.API\ScreepsDotNet.API.csproj", "{4CDC3306-B71D-4433-A562-1CEBB998283D}"
EndProject
Project("{FAE04EC0-301F-11D3-BF4B-00C04F79EFBC}") = "ScreepsDotNet.Bundler", "ScreepsDotNet.Bundler\ScreepsDotNet.Bundler.csproj", "{11F69637-6C57-43D3-9CA6-CDEC7CCE2F20}"
EndProject
Global
	GlobalSection(SolutionConfigurationPlatforms) = preSolution
		Debug|Any CPU = Debug|Any CPU
		Release|Any CPU = Release|Any CPU
	EndGlobalSection
	GlobalSection(ProjectConfigurationPlatforms) = postSolution
		{4BB8BC42-7F20-4F8A-9A3F-327B75348856}.Debug|Any CPU.ActiveCfg = Debug|Any CPU
		{4BB8BC42-7F20-4F8A-9A3F-327B75348856}.Debug|Any CPU.Build.0 = Debug|Any CPU
		{4BB8BC42-7F20-4F8A-9A3F-327B75348856}.Release|Any CPU.ActiveCfg = Release|Any CPU
		{4BB8BC42-7F20-4F8A-9A3F-327B75348856}.Release|Any CPU.Build.0 = Release|Any CPU
		{4CDC3306-B71D-4433-A562-1CEBB998283D}.Debug|Any CPU.ActiveCfg = Debug|Any CPU
		{4CDC3306-B71D-4433-A562-1CEBB998283D}.Debug|Any CPU.Build.0 = Debug|Any CPU
		{4CDC3306-B71D-4433-A562-1CEBB998283D}.Release|Any CPU.ActiveCfg = Release|Any CPU
		{4CDC3306-B71D-4433-A562-1CEBB998283D}.Release|Any CPU.Build.0 = Release|Any CPU
		{11F69637-6C57-43D3-9CA6-CDEC7CCE2F20}.Debug|Any CPU.ActiveCfg = Debug|Any CPU
		{11F69637-6C57-43D3-9CA6-CDEC7CCE2F20}.Debug|Any CPU.Build.0 = Debug|Any CPU
		{11F69637-6C57-43D3-9CA6-CDEC7CCE2F20}.Release|Any CPU.ActiveCfg = Release|Any CPU
		{11F69637-6C57-43D3-9CA6-CDEC7CCE2F20}.Release|Any CPU.Build.0 = Release|Any CPU
	EndGlobalSection
	GlobalSection(SolutionProperties) = preSolution
		HideSolutionNode = FALSE
	EndGlobalSection
	GlobalSection(ExtensibilityGlobals) = postSolution
		SolutionGuid = {DCF6347F-9212-4723-A000-7BF2565209EF}
	EndGlobalSection
EndGlobal
